// !$*UTF8*$!
{
	archiveVersion = 1;
	classes = {
	};
	objectVersion = 48;
	objects = {

/* Begin PBXBuildFile section */
		30DFD5EE0E45F8C6E7B76054 /* Pods_Pack_and_Herd.framework in Frameworks */ = {isa = PBXBuildFile; fileRef = CBFAD3D2A6A9A0D276237958 /* Pods_Pack_and_Herd.framework */; };
		33F8CADE1FCC53A20076CFB6 /* UserLogin.swift in Sources */ = {isa = PBXBuildFile; fileRef = 33F8CADD1FCC53A20076CFB6 /* UserLogin.swift */; };
		701858531FD1032500C57668 /* ServerData.swift in Sources */ = {isa = PBXBuildFile; fileRef = 701858521FD1032500C57668 /* ServerData.swift */; };
		7048BF051FA7A96100ED2055 /* ViewControllerExtension.swift in Sources */ = {isa = PBXBuildFile; fileRef = 7048BF041FA7A96100ED2055 /* ViewControllerExtension.swift */; };
		705A8EC61FA2F16C004AF4CD /* Main.storyboard in Resources */ = {isa = PBXBuildFile; fileRef = 705A8EC51FA2F16C004AF4CD /* Main.storyboard */; };
		705A8ECB1FA39986004AF4CD /* GoogleService-Info.plist in Resources */ = {isa = PBXBuildFile; fileRef = 705A8ECA1FA39986004AF4CD /* GoogleService-Info.plist */; };
		7074C97F1FA221E900FF8010 /* AppDelegate.swift in Sources */ = {isa = PBXBuildFile; fileRef = 7074C97E1FA221E900FF8010 /* AppDelegate.swift */; };
		7074C9861FA221E900FF8010 /* Assets.xcassets in Resources */ = {isa = PBXBuildFile; fileRef = 7074C9851FA221E900FF8010 /* Assets.xcassets */; };
		7074C9891FA221E900FF8010 /* LaunchScreen.storyboard in Resources */ = {isa = PBXBuildFile; fileRef = 7074C9871FA221E900FF8010 /* LaunchScreen.storyboard */; };
		7074C9941FA2236E00FF8010 /* LogsPageController.swift in Sources */ = {isa = PBXBuildFile; fileRef = 7074C9931FA2236E00FF8010 /* LogsPageController.swift */; };
		7074C9961FA235AD00FF8010 /* MainTabController.swift in Sources */ = {isa = PBXBuildFile; fileRef = 7074C9951FA235AD00FF8010 /* MainTabController.swift */; };
		707A06441FA8F863000B5557 /* TextFieldValidations.swift in Sources */ = {isa = PBXBuildFile; fileRef = 707A06431FA8F863000B5557 /* TextFieldValidations.swift */; };
		708921BE1FA275B300DFC4F1 /* LoginPageController.swift in Sources */ = {isa = PBXBuildFile; fileRef = 708921BD1FA275B300DFC4F1 /* LoginPageController.swift */; };
		708921C41FA2DE3800DFC4F1 /* DefaultTextField.swift in Sources */ = {isa = PBXBuildFile; fileRef = 708921C31FA2DE3800DFC4F1 /* DefaultTextField.swift */; };
		709864881FBA626400E95DE5 /* UserData.swift in Sources */ = {isa = PBXBuildFile; fileRef = 709864871FBA626400E95DE5 /* UserData.swift */; };
		709D5C471FB8D443002FF258 /* ConfirmCellView.swift in Sources */ = {isa = PBXBuildFile; fileRef = 709D5C461FB8D443002FF258 /* ConfirmCellView.swift */; };
		709F71C41FAFA26E00EE7208 /* DatePickerView.swift in Sources */ = {isa = PBXBuildFile; fileRef = 709F71C31FAFA26E00EE7208 /* DatePickerView.swift */; };
		709F71C61FB4A36800EE7208 /* LocationCollectionViewCell.swift in Sources */ = {isa = PBXBuildFile; fileRef = 709F71C51FB4A36700EE7208 /* LocationCollectionViewCell.swift */; };
		70A28F9E1FCDF294009F6698 /* EventHandler.swift in Sources */ = {isa = PBXBuildFile; fileRef = 70A28F9D1FCDF294009F6698 /* EventHandler.swift */; };
		70B142B41FD31492009814BB /* AvailabilityDatePicker.swift in Sources */ = {isa = PBXBuildFile; fileRef = 70B142B31FD31492009814BB /* AvailabilityDatePicker.swift */; };
		70C5EF741FB9E9F1007CB27E /* DefaultButtonView.swift in Sources */ = {isa = PBXBuildFile; fileRef = 70C5EF731FB9E9F1007CB27E /* DefaultButtonView.swift */; };
		70C5EF761FB9F1C6007CB27E /* Settings.storyboard in Resources */ = {isa = PBXBuildFile; fileRef = 70C5EF751FB9F1C6007CB27E /* Settings.storyboard */; };
		70C5EF781FB9F30F007CB27E /* SettingsViewController.swift in Sources */ = {isa = PBXBuildFile; fileRef = 70C5EF771FB9F30F007CB27E /* SettingsViewController.swift */; };
		70E125641FA8B5D2000513F1 /* EmailVerificationController.swift in Sources */ = {isa = PBXBuildFile; fileRef = 70E125631FA8B5D2000513F1 /* EmailVerificationController.swift */; };
		70E215841FAA2DBD00A509F6 /* EventsTableViewController.swift in Sources */ = {isa = PBXBuildFile; fileRef = 70E215831FAA2DBD00A509F6 /* EventsTableViewController.swift */; };
		70E2158D1FAB912600A509F6 /* CreateEventPageController.swift in Sources */ = {isa = PBXBuildFile; fileRef = 70E2158C1FAB912600A509F6 /* CreateEventPageController.swift */; };
		70FF95431FCFD1D40048B45A /* AdminSettingsController.swift in Sources */ = {isa = PBXBuildFile; fileRef = 70FF95421FCFD1D40048B45A /* AdminSettingsController.swift */; };
/* End PBXBuildFile section */

/* Begin PBXFileReference section */
		33F8CADD1FCC53A20076CFB6 /* UserLogin.swift */ = {isa = PBXFileReference; lastKnownFileType = sourcecode.swift; path = UserLogin.swift; sourceTree = "<group>"; };
		701858521FD1032500C57668 /* ServerData.swift */ = {isa = PBXFileReference; lastKnownFileType = sourcecode.swift; path = ServerData.swift; sourceTree = "<group>"; };
		7048BF041FA7A96100ED2055 /* ViewControllerExtension.swift */ = {isa = PBXFileReference; lastKnownFileType = sourcecode.swift; path = ViewControllerExtension.swift; sourceTree = "<group>"; };
		705A8EC51FA2F16C004AF4CD /* Main.storyboard */ = {isa = PBXFileReference; lastKnownFileType = file.storyboard; path = Main.storyboard; sourceTree = "<group>"; };
		705A8EC71FA398D2004AF4CD /* Pack and Herd.entitlements */ = {isa = PBXFileReference; lastKnownFileType = text.plist.entitlements; path = "Pack and Herd.entitlements"; sourceTree = "<group>"; };
		705A8ECA1FA39986004AF4CD /* GoogleService-Info.plist */ = {isa = PBXFileReference; fileEncoding = 4; lastKnownFileType = text.plist.xml; path = "GoogleService-Info.plist"; sourceTree = "<group>"; };
		7074C97B1FA221E900FF8010 /* Pack and Herd.app */ = {isa = PBXFileReference; explicitFileType = wrapper.application; includeInIndex = 0; path = "Pack and Herd.app"; sourceTree = BUILT_PRODUCTS_DIR; };
		7074C97E1FA221E900FF8010 /* AppDelegate.swift */ = {isa = PBXFileReference; lastKnownFileType = sourcecode.swift; path = AppDelegate.swift; sourceTree = "<group>"; };
		7074C9851FA221E900FF8010 /* Assets.xcassets */ = {isa = PBXFileReference; lastKnownFileType = folder.assetcatalog; path = Assets.xcassets; sourceTree = "<group>"; };
		7074C9881FA221E900FF8010 /* Base */ = {isa = PBXFileReference; lastKnownFileType = file.storyboard; name = Base; path = Base.lproj/LaunchScreen.storyboard; sourceTree = "<group>"; };
		7074C98A1FA221E900FF8010 /* Info.plist */ = {isa = PBXFileReference; lastKnownFileType = text.plist.xml; path = Info.plist; sourceTree = "<group>"; };
		7074C9931FA2236E00FF8010 /* LogsPageController.swift */ = {isa = PBXFileReference; lastKnownFileType = sourcecode.swift; path = LogsPageController.swift; sourceTree = "<group>"; };
		7074C9951FA235AD00FF8010 /* MainTabController.swift */ = {isa = PBXFileReference; lastKnownFileType = sourcecode.swift; path = MainTabController.swift; sourceTree = "<group>"; };
		707A06431FA8F863000B5557 /* TextFieldValidations.swift */ = {isa = PBXFileReference; lastKnownFileType = sourcecode.swift; path = TextFieldValidations.swift; sourceTree = "<group>"; };
		708921BD1FA275B300DFC4F1 /* LoginPageController.swift */ = {isa = PBXFileReference; lastKnownFileType = sourcecode.swift; path = LoginPageController.swift; sourceTree = "<group>"; };
		708921C31FA2DE3800DFC4F1 /* DefaultTextField.swift */ = {isa = PBXFileReference; lastKnownFileType = sourcecode.swift; path = DefaultTextField.swift; sourceTree = "<group>"; };
		709864871FBA626400E95DE5 /* UserData.swift */ = {isa = PBXFileReference; lastKnownFileType = sourcecode.swift; path = UserData.swift; sourceTree = "<group>"; };
		709D5C461FB8D443002FF258 /* ConfirmCellView.swift */ = {isa = PBXFileReference; lastKnownFileType = sourcecode.swift; path = ConfirmCellView.swift; sourceTree = "<group>"; };
		709F71C31FAFA26E00EE7208 /* DatePickerView.swift */ = {isa = PBXFileReference; lastKnownFileType = sourcecode.swift; path = DatePickerView.swift; sourceTree = "<group>"; };
		709F71C51FB4A36700EE7208 /* LocationCollectionViewCell.swift */ = {isa = PBXFileReference; lastKnownFileType = sourcecode.swift; path = LocationCollectionViewCell.swift; sourceTree = "<group>"; };
		70A28F9D1FCDF294009F6698 /* EventHandler.swift */ = {isa = PBXFileReference; lastKnownFileType = sourcecode.swift; path = EventHandler.swift; sourceTree = "<group>"; };
		70B142B31FD31492009814BB /* AvailabilityDatePicker.swift */ = {isa = PBXFileReference; lastKnownFileType = sourcecode.swift; path = AvailabilityDatePicker.swift; sourceTree = "<group>"; };
		70C5EF731FB9E9F1007CB27E /* DefaultButtonView.swift */ = {isa = PBXFileReference; lastKnownFileType = sourcecode.swift; path = DefaultButtonView.swift; sourceTree = "<group>"; };
		70C5EF751FB9F1C6007CB27E /* Settings.storyboard */ = {isa = PBXFileReference; lastKnownFileType = file.storyboard; path = Settings.storyboard; sourceTree = "<group>"; };
		70C5EF771FB9F30F007CB27E /* SettingsViewController.swift */ = {isa = PBXFileReference; lastKnownFileType = sourcecode.swift; path = SettingsViewController.swift; sourceTree = "<group>"; };
		70E125631FA8B5D2000513F1 /* EmailVerificationController.swift */ = {isa = PBXFileReference; lastKnownFileType = sourcecode.swift; path = EmailVerificationController.swift; sourceTree = "<group>"; };
		70E215831FAA2DBD00A509F6 /* EventsTableViewController.swift */ = {isa = PBXFileReference; lastKnownFileType = sourcecode.swift; path = EventsTableViewController.swift; sourceTree = "<group>"; };
		70E2158C1FAB912600A509F6 /* CreateEventPageController.swift */ = {isa = PBXFileReference; lastKnownFileType = sourcecode.swift; path = CreateEventPageController.swift; sourceTree = "<group>"; };
		70FF95421FCFD1D40048B45A /* AdminSettingsController.swift */ = {isa = PBXFileReference; lastKnownFileType = sourcecode.swift; path = AdminSettingsController.swift; sourceTree = "<group>"; };
		9E8D7F14D049F63007C7BAE3 /* Pods-Pack and Herd.debug.xcconfig */ = {isa = PBXFileReference; includeInIndex = 1; lastKnownFileType = text.xcconfig; name = "Pods-Pack and Herd.debug.xcconfig"; path = "Pods/Target Support Files/Pods-Pack and Herd/Pods-Pack and Herd.debug.xcconfig"; sourceTree = "<group>"; };
		CBFAD3D2A6A9A0D276237958 /* Pods_Pack_and_Herd.framework */ = {isa = PBXFileReference; explicitFileType = wrapper.framework; includeInIndex = 0; path = Pods_Pack_and_Herd.framework; sourceTree = BUILT_PRODUCTS_DIR; };
		EA334D39C90324B638D0A53D /* Pods-Pack and Herd.release.xcconfig */ = {isa = PBXFileReference; includeInIndex = 1; lastKnownFileType = text.xcconfig; name = "Pods-Pack and Herd.release.xcconfig"; path = "Pods/Target Support Files/Pods-Pack and Herd/Pods-Pack and Herd.release.xcconfig"; sourceTree = "<group>"; };
/* End PBXFileReference section */

/* Begin PBXFrameworksBuildPhase section */
		7074C9781FA221E900FF8010 /* Frameworks */ = {
			isa = PBXFrameworksBuildPhase;
			buildActionMask = 2147483647;
			files = (
				30DFD5EE0E45F8C6E7B76054 /* Pods_Pack_and_Herd.framework in Frameworks */,
			);
			runOnlyForDeploymentPostprocessing = 0;
		};
/* End PBXFrameworksBuildPhase section */

/* Begin PBXGroup section */
		7048BF031FA7A94C00ED2055 /* Extensions */ = {
			isa = PBXGroup;
			children = (
				7048BF041FA7A96100ED2055 /* ViewControllerExtension.swift */,
			);
			path = Extensions;
			sourceTree = "<group>";
		};
		7074C9721FA221E900FF8010 = {
			isa = PBXGroup;
			children = (
				7074C97D1FA221E900FF8010 /* Pack and Herd */,
				7074C97C1FA221E900FF8010 /* Products */,
				D292DBBB3062BE1C5D1708C8 /* Pods */,
				9D7A8B5FFD17CD5E6C700F48 /* Frameworks */,
			);
			sourceTree = "<group>";
		};
		7074C97C1FA221E900FF8010 /* Products */ = {
			isa = PBXGroup;
			children = (
				7074C97B1FA221E900FF8010 /* Pack and Herd.app */,
			);
			name = Products;
			sourceTree = "<group>";
		};
		7074C97D1FA221E900FF8010 /* Pack and Herd */ = {
			isa = PBXGroup;
			children = (
				705A8EC71FA398D2004AF4CD /* Pack and Herd.entitlements */,
				7048BF031FA7A94C00ED2055 /* Extensions */,
				7074C9921FA2233200FF8010 /* Models */,
				7074C9911FA2232E00FF8010 /* Views */,
				7074C9901FA2232900FF8010 /* Controllers */,
				7074C97E1FA221E900FF8010 /* AppDelegate.swift */,
				709864871FBA626400E95DE5 /* UserData.swift */,
				33F8CADD1FCC53A20076CFB6 /* UserLogin.swift */,
				701858521FD1032500C57668 /* ServerData.swift */,
				70A28F9D1FCDF294009F6698 /* EventHandler.swift */,
				7074C9851FA221E900FF8010 /* Assets.xcassets */,
				705A8EC51FA2F16C004AF4CD /* Main.storyboard */,
				70C5EF751FB9F1C6007CB27E /* Settings.storyboard */,
				7074C9871FA221E900FF8010 /* LaunchScreen.storyboard */,
				7074C98A1FA221E900FF8010 /* Info.plist */,
				705A8ECA1FA39986004AF4CD /* GoogleService-Info.plist */,
			);
			path = "Pack and Herd";
			sourceTree = "<group>";
		};
		7074C9901FA2232900FF8010 /* Controllers */ = {
			isa = PBXGroup;
			children = (
				7074C9931FA2236E00FF8010 /* LogsPageController.swift */,
				7074C9951FA235AD00FF8010 /* MainTabController.swift */,
				70E125631FA8B5D2000513F1 /* EmailVerificationController.swift */,
				708921BD1FA275B300DFC4F1 /* LoginPageController.swift */,
				70E215831FAA2DBD00A509F6 /* EventsTableViewController.swift */,
				70E2158C1FAB912600A509F6 /* CreateEventPageController.swift */,
				70C5EF771FB9F30F007CB27E /* SettingsViewController.swift */,
				70FF95421FCFD1D40048B45A /* AdminSettingsController.swift */,
			);
			path = Controllers;
			sourceTree = "<group>";
		};
		7074C9911FA2232E00FF8010 /* Views */ = {
			isa = PBXGroup;
			children = (
				708921C31FA2DE3800DFC4F1 /* DefaultTextField.swift */,
				709F71C31FAFA26E00EE7208 /* DatePickerView.swift */,
				709F71C51FB4A36700EE7208 /* LocationCollectionViewCell.swift */,
				709D5C461FB8D443002FF258 /* ConfirmCellView.swift */,
				70C5EF731FB9E9F1007CB27E /* DefaultButtonView.swift */,
				70B142B31FD31492009814BB /* AvailabilityDatePicker.swift */,
			);
			path = Views;
			sourceTree = "<group>";
		};
		7074C9921FA2233200FF8010 /* Models */ = {
			isa = PBXGroup;
			children = (
				707A06431FA8F863000B5557 /* TextFieldValidations.swift */,
			);
			path = Models;
			sourceTree = "<group>";
		};
		9D7A8B5FFD17CD5E6C700F48 /* Frameworks */ = {
			isa = PBXGroup;
			children = (
				CBFAD3D2A6A9A0D276237958 /* Pods_Pack_and_Herd.framework */,
			);
			name = Frameworks;
			sourceTree = "<group>";
		};
		D292DBBB3062BE1C5D1708C8 /* Pods */ = {
			isa = PBXGroup;
			children = (
				9E8D7F14D049F63007C7BAE3 /* Pods-Pack and Herd.debug.xcconfig */,
				EA334D39C90324B638D0A53D /* Pods-Pack and Herd.release.xcconfig */,
			);
			name = Pods;
			sourceTree = "<group>";
		};
/* End PBXGroup section */

/* Begin PBXNativeTarget section */
		7074C97A1FA221E900FF8010 /* Pack and Herd */ = {
			isa = PBXNativeTarget;
			buildConfigurationList = 7074C98D1FA221E900FF8010 /* Build configuration list for PBXNativeTarget "Pack and Herd" */;
			buildPhases = (
				50677E97C9A4BA6949CD70E1 /* [CP] Check Pods Manifest.lock */,
				7074C9771FA221E900FF8010 /* Sources */,
				7074C9781FA221E900FF8010 /* Frameworks */,
				7074C9791FA221E900FF8010 /* Resources */,
				D4462D6ECA2D48085FE98E74 /* [CP] Embed Pods Frameworks */,
				365ECB7FF1E4294A7D7CF10D /* [CP] Copy Pods Resources */,
			);
			buildRules = (
			);
			dependencies = (
			);
			name = "Pack and Herd";
			productName = "Pack and Herd";
			productReference = 7074C97B1FA221E900FF8010 /* Pack and Herd.app */;
			productType = "com.apple.product-type.application";
		};
/* End PBXNativeTarget section */

/* Begin PBXProject section */
		7074C9731FA221E900FF8010 /* Project object */ = {
			isa = PBXProject;
			attributes = {
				LastSwiftUpdateCheck = 0900;
				LastUpgradeCheck = 0900;
				ORGANIZATIONNAME = "Watts-On Development";
				TargetAttributes = {
					7074C97A1FA221E900FF8010 = {
						CreatedOnToolsVersion = 9.0.1;
						ProvisioningStyle = Automatic;
						SystemCapabilities = {
							com.apple.Push = {
								enabled = 1;
							};
						};
					};
				};
			};
			buildConfigurationList = 7074C9761FA221E900FF8010 /* Build configuration list for PBXProject "Pack and Herd" */;
			compatibilityVersion = "Xcode 8.0";
			developmentRegion = en;
			hasScannedForEncodings = 0;
			knownRegions = (
				en,
				Base,
			);
			mainGroup = 7074C9721FA221E900FF8010;
			productRefGroup = 7074C97C1FA221E900FF8010 /* Products */;
			projectDirPath = "";
			projectRoot = "";
			targets = (
				7074C97A1FA221E900FF8010 /* Pack and Herd */,
			);
		};
/* End PBXProject section */

/* Begin PBXResourcesBuildPhase section */
		7074C9791FA221E900FF8010 /* Resources */ = {
			isa = PBXResourcesBuildPhase;
			buildActionMask = 2147483647;
			files = (
				705A8EC61FA2F16C004AF4CD /* Main.storyboard in Resources */,
				7074C9891FA221E900FF8010 /* LaunchScreen.storyboard in Resources */,
				705A8ECB1FA39986004AF4CD /* GoogleService-Info.plist in Resources */,
				7074C9861FA221E900FF8010 /* Assets.xcassets in Resources */,
				70C5EF761FB9F1C6007CB27E /* Settings.storyboard in Resources */,
			);
			runOnlyForDeploymentPostprocessing = 0;
		};
/* End PBXResourcesBuildPhase section */

/* Begin PBXShellScriptBuildPhase section */
		365ECB7FF1E4294A7D7CF10D /* [CP] Copy Pods Resources */ = {
			isa = PBXShellScriptBuildPhase;
			buildActionMask = 2147483647;
			files = (
			);
			inputPaths = (
				"${SRCROOT}/Pods/Target Support Files/Pods-Pack and Herd/Pods-Pack and Herd-resources.sh",
				"${PODS_ROOT}/GoogleSignIn/Resources/GoogleSignIn.bundle",
			);
			name = "[CP] Copy Pods Resources";
			outputPaths = (
				"${TARGET_BUILD_DIR}/${UNLOCALIZED_RESOURCES_FOLDER_PATH}",
			);
			runOnlyForDeploymentPostprocessing = 0;
			shellPath = /bin/sh;
			shellScript = "\"${SRCROOT}/Pods/Target Support Files/Pods-Pack and Herd/Pods-Pack and Herd-resources.sh\"\n";
			showEnvVarsInLog = 0;
		};
		50677E97C9A4BA6949CD70E1 /* [CP] Check Pods Manifest.lock */ = {
			isa = PBXShellScriptBuildPhase;
			buildActionMask = 2147483647;
			files = (
			);
			inputPaths = (
				"${PODS_PODFILE_DIR_PATH}/Podfile.lock",
				"${PODS_ROOT}/Manifest.lock",
			);
			name = "[CP] Check Pods Manifest.lock";
			outputPaths = (
				"$(DERIVED_FILE_DIR)/Pods-Pack and Herd-checkManifestLockResult.txt",
			);
			runOnlyForDeploymentPostprocessing = 0;
			shellPath = /bin/sh;
			shellScript = "diff \"${PODS_PODFILE_DIR_PATH}/Podfile.lock\" \"${PODS_ROOT}/Manifest.lock\" > /dev/null\nif [ $? != 0 ] ; then\n    # print error to STDERR\n    echo \"error: The sandbox is not in sync with the Podfile.lock. Run 'pod install' or update your CocoaPods installation.\" >&2\n    exit 1\nfi\n# This output is used by Xcode 'outputs' to avoid re-running this script phase.\necho \"SUCCESS\" > \"${SCRIPT_OUTPUT_FILE_0}\"\n";
			showEnvVarsInLog = 0;
		};
		D4462D6ECA2D48085FE98E74 /* [CP] Embed Pods Frameworks */ = {
			isa = PBXShellScriptBuildPhase;
			buildActionMask = 2147483647;
			files = (
			);
			inputPaths = (
				"${SRCROOT}/Pods/Target Support Files/Pods-Pack and Herd/Pods-Pack and Herd-frameworks.sh",
				"${BUILT_PRODUCTS_DIR}/BoringSSL/openssl.framework",
				"${BUILT_PRODUCTS_DIR}/GTMOAuth2/GTMOAuth2.framework",
				"${BUILT_PRODUCTS_DIR}/GTMSessionFetcher/GTMSessionFetcher.framework",
				"${BUILT_PRODUCTS_DIR}/GoogleToolboxForMac/GoogleToolboxForMac.framework",
				"${BUILT_PRODUCTS_DIR}/Protobuf/Protobuf.framework",
				"${BUILT_PRODUCTS_DIR}/Stripe/Stripe.framework",
				"${BUILT_PRODUCTS_DIR}/gRPC/GRPCClient.framework",
				"${BUILT_PRODUCTS_DIR}/gRPC-Core/grpc.framework",
				"${BUILT_PRODUCTS_DIR}/gRPC-ProtoRPC/ProtoRPC.framework",
				"${BUILT_PRODUCTS_DIR}/gRPC-RxLibrary/RxLibrary.framework",
				"${BUILT_PRODUCTS_DIR}/leveldb-library/leveldb.framework",
				"${BUILT_PRODUCTS_DIR}/nanopb/nanopb.framework",
			);
			name = "[CP] Embed Pods Frameworks";
			outputPaths = (
				"${TARGET_BUILD_DIR}/${FRAMEWORKS_FOLDER_PATH}/openssl.framework",
				"${TARGET_BUILD_DIR}/${FRAMEWORKS_FOLDER_PATH}/GTMOAuth2.framework",
				"${TARGET_BUILD_DIR}/${FRAMEWORKS_FOLDER_PATH}/GTMSessionFetcher.framework",
				"${TARGET_BUILD_DIR}/${FRAMEWORKS_FOLDER_PATH}/GoogleToolboxForMac.framework",
				"${TARGET_BUILD_DIR}/${FRAMEWORKS_FOLDER_PATH}/Protobuf.framework",
				"${TARGET_BUILD_DIR}/${FRAMEWORKS_FOLDER_PATH}/Stripe.framework",
				"${TARGET_BUILD_DIR}/${FRAMEWORKS_FOLDER_PATH}/GRPCClient.framework",
				"${TARGET_BUILD_DIR}/${FRAMEWORKS_FOLDER_PATH}/grpc.framework",
				"${TARGET_BUILD_DIR}/${FRAMEWORKS_FOLDER_PATH}/ProtoRPC.framework",
				"${TARGET_BUILD_DIR}/${FRAMEWORKS_FOLDER_PATH}/RxLibrary.framework",
				"${TARGET_BUILD_DIR}/${FRAMEWORKS_FOLDER_PATH}/leveldb.framework",
				"${TARGET_BUILD_DIR}/${FRAMEWORKS_FOLDER_PATH}/nanopb.framework",
			);
			runOnlyForDeploymentPostprocessing = 0;
			shellPath = /bin/sh;
			shellScript = "\"${SRCROOT}/Pods/Target Support Files/Pods-Pack and Herd/Pods-Pack and Herd-frameworks.sh\"\n";
			showEnvVarsInLog = 0;
		};
/* End PBXShellScriptBuildPhase section */

/* Begin PBXSourcesBuildPhase section */
		7074C9771FA221E900FF8010 /* Sources */ = {
			isa = PBXSourcesBuildPhase;
			buildActionMask = 2147483647;
			files = (
				70B142B41FD31492009814BB /* AvailabilityDatePicker.swift in Sources */,
				70E2158D1FAB912600A509F6 /* CreateEventPageController.swift in Sources */,
				708921BE1FA275B300DFC4F1 /* LoginPageController.swift in Sources */,
				70C5EF741FB9E9F1007CB27E /* DefaultButtonView.swift in Sources */,
				33F8CADE1FCC53A20076CFB6 /* UserLogin.swift in Sources */,
				70C5EF781FB9F30F007CB27E /* SettingsViewController.swift in Sources */,
				70A28F9E1FCDF294009F6698 /* EventHandler.swift in Sources */,
				70E125641FA8B5D2000513F1 /* EmailVerificationController.swift in Sources */,
				701858531FD1032500C57668 /* ServerData.swift in Sources */,
				709F71C41FAFA26E00EE7208 /* DatePickerView.swift in Sources */,
				709F71C61FB4A36800EE7208 /* LocationCollectionViewCell.swift in Sources */,
				708921C41FA2DE3800DFC4F1 /* DefaultTextField.swift in Sources */,
				7048BF051FA7A96100ED2055 /* ViewControllerExtension.swift in Sources */,
				7074C97F1FA221E900FF8010 /* AppDelegate.swift in Sources */,
				7074C9961FA235AD00FF8010 /* MainTabController.swift in Sources */,
				709D5C471FB8D443002FF258 /* ConfirmCellView.swift in Sources */,
				70FF95431FCFD1D40048B45A /* AdminSettingsController.swift in Sources */,
				70E215841FAA2DBD00A509F6 /* EventsTableViewController.swift in Sources */,
				707A06441FA8F863000B5557 /* TextFieldValidations.swift in Sources */,
				709864881FBA626400E95DE5 /* UserData.swift in Sources */,
				7074C9941FA2236E00FF8010 /* LogsPageController.swift in Sources */,
			);
			runOnlyForDeploymentPostprocessing = 0;
		};
/* End PBXSourcesBuildPhase section */

/* Begin PBXVariantGroup section */
		7074C9871FA221E900FF8010 /* LaunchScreen.storyboard */ = {
			isa = PBXVariantGroup;
			children = (
				7074C9881FA221E900FF8010 /* Base */,
			);
			name = LaunchScreen.storyboard;
			sourceTree = "<group>";
		};
/* End PBXVariantGroup section */

/* Begin XCBuildConfiguration section */
		7074C98B1FA221E900FF8010 /* Debug */ = {
			isa = XCBuildConfiguration;
			buildSettings = {
				ALWAYS_SEARCH_USER_PATHS = NO;
				CLANG_ANALYZER_NONNULL = YES;
				CLANG_ANALYZER_NUMBER_OBJECT_CONVERSION = YES_AGGRESSIVE;
				CLANG_CXX_LANGUAGE_STANDARD = "gnu++14";
				CLANG_CXX_LIBRARY = "libc++";
				CLANG_ENABLE_MODULES = YES;
				CLANG_ENABLE_OBJC_ARC = YES;
				CLANG_WARN_BLOCK_CAPTURE_AUTORELEASING = YES;
				CLANG_WARN_BOOL_CONVERSION = YES;
				CLANG_WARN_COMMA = YES;
				CLANG_WARN_CONSTANT_CONVERSION = YES;
				CLANG_WARN_DIRECT_OBJC_ISA_USAGE = YES_ERROR;
				CLANG_WARN_DOCUMENTATION_COMMENTS = YES;
				CLANG_WARN_EMPTY_BODY = YES;
				CLANG_WARN_ENUM_CONVERSION = YES;
				CLANG_WARN_INFINITE_RECURSION = YES;
				CLANG_WARN_INT_CONVERSION = YES;
				CLANG_WARN_NON_LITERAL_NULL_CONVERSION = YES;
				CLANG_WARN_OBJC_LITERAL_CONVERSION = YES;
				CLANG_WARN_OBJC_ROOT_CLASS = YES_ERROR;
				CLANG_WARN_RANGE_LOOP_ANALYSIS = YES;
				CLANG_WARN_STRICT_PROTOTYPES = YES;
				CLANG_WARN_SUSPICIOUS_MOVE = YES;
				CLANG_WARN_UNGUARDED_AVAILABILITY = YES_AGGRESSIVE;
				CLANG_WARN_UNREACHABLE_CODE = YES;
				CLANG_WARN__DUPLICATE_METHOD_MATCH = YES;
				CODE_SIGN_IDENTITY = "iPhone Developer";
				COPY_PHASE_STRIP = NO;
				DEBUG_INFORMATION_FORMAT = dwarf;
				ENABLE_STRICT_OBJC_MSGSEND = YES;
				ENABLE_TESTABILITY = YES;
				GCC_C_LANGUAGE_STANDARD = gnu11;
				GCC_DYNAMIC_NO_PIC = NO;
				GCC_NO_COMMON_BLOCKS = YES;
				GCC_OPTIMIZATION_LEVEL = 0;
				GCC_PREPROCESSOR_DEFINITIONS = (
					"DEBUG=1",
					"$(inherited)",
				);
				GCC_WARN_64_TO_32_BIT_CONVERSION = YES;
				GCC_WARN_ABOUT_RETURN_TYPE = YES_ERROR;
				GCC_WARN_UNDECLARED_SELECTOR = YES;
				GCC_WARN_UNINITIALIZED_AUTOS = YES_AGGRESSIVE;
				GCC_WARN_UNUSED_FUNCTION = YES;
				GCC_WARN_UNUSED_VARIABLE = YES;
				IPHONEOS_DEPLOYMENT_TARGET = 11.0;
				MTL_ENABLE_DEBUG_INFO = YES;
				ONLY_ACTIVE_ARCH = YES;
				SDKROOT = iphoneos;
				SWIFT_ACTIVE_COMPILATION_CONDITIONS = DEBUG;
				SWIFT_OPTIMIZATION_LEVEL = "-Onone";
			};
			name = Debug;
		};
		7074C98C1FA221E900FF8010 /* Release */ = {
			isa = XCBuildConfiguration;
			buildSettings = {
				ALWAYS_SEARCH_USER_PATHS = NO;
				CLANG_ANALYZER_NONNULL = YES;
				CLANG_ANALYZER_NUMBER_OBJECT_CONVERSION = YES_AGGRESSIVE;
				CLANG_CXX_LANGUAGE_STANDARD = "gnu++14";
				CLANG_CXX_LIBRARY = "libc++";
				CLANG_ENABLE_MODULES = YES;
				CLANG_ENABLE_OBJC_ARC = YES;
				CLANG_WARN_BLOCK_CAPTURE_AUTORELEASING = YES;
				CLANG_WARN_BOOL_CONVERSION = YES;
				CLANG_WARN_COMMA = YES;
				CLANG_WARN_CONSTANT_CONVERSION = YES;
				CLANG_WARN_DIRECT_OBJC_ISA_USAGE = YES_ERROR;
				CLANG_WARN_DOCUMENTATION_COMMENTS = YES;
				CLANG_WARN_EMPTY_BODY = YES;
				CLANG_WARN_ENUM_CONVERSION = YES;
				CLANG_WARN_INFINITE_RECURSION = YES;
				CLANG_WARN_INT_CONVERSION = YES;
				CLANG_WARN_NON_LITERAL_NULL_CONVERSION = YES;
				CLANG_WARN_OBJC_LITERAL_CONVERSION = YES;
				CLANG_WARN_OBJC_ROOT_CLASS = YES_ERROR;
				CLANG_WARN_RANGE_LOOP_ANALYSIS = YES;
				CLANG_WARN_STRICT_PROTOTYPES = YES;
				CLANG_WARN_SUSPICIOUS_MOVE = YES;
				CLANG_WARN_UNGUARDED_AVAILABILITY = YES_AGGRESSIVE;
				CLANG_WARN_UNREACHABLE_CODE = YES;
				CLANG_WARN__DUPLICATE_METHOD_MATCH = YES;
				CODE_SIGN_IDENTITY = "iPhone Developer";
				COPY_PHASE_STRIP = NO;
				DEBUG_INFORMATION_FORMAT = "dwarf-with-dsym";
				ENABLE_NS_ASSERTIONS = NO;
				ENABLE_STRICT_OBJC_MSGSEND = YES;
				GCC_C_LANGUAGE_STANDARD = gnu11;
				GCC_NO_COMMON_BLOCKS = YES;
				GCC_WARN_64_TO_32_BIT_CONVERSION = YES;
				GCC_WARN_ABOUT_RETURN_TYPE = YES_ERROR;
				GCC_WARN_UNDECLARED_SELECTOR = YES;
				GCC_WARN_UNINITIALIZED_AUTOS = YES_AGGRESSIVE;
				GCC_WARN_UNUSED_FUNCTION = YES;
				GCC_WARN_UNUSED_VARIABLE = YES;
				IPHONEOS_DEPLOYMENT_TARGET = 11.0;
				MTL_ENABLE_DEBUG_INFO = NO;
				SDKROOT = iphoneos;
				SWIFT_OPTIMIZATION_LEVEL = "-Owholemodule";
				VALIDATE_PRODUCT = YES;
			};
			name = Release;
		};
		7074C98E1FA221E900FF8010 /* Debug */ = {
			isa = XCBuildConfiguration;
			baseConfigurationReference = 9E8D7F14D049F63007C7BAE3 /* Pods-Pack and Herd.debug.xcconfig */;
			buildSettings = {
				ASSETCATALOG_COMPILER_APPICON_NAME = AppIcon;
				CODE_SIGN_ENTITLEMENTS = "Pack and Herd/Pack and Herd.entitlements";
				CODE_SIGN_STYLE = Automatic;
				DEVELOPMENT_TEAM = Q24XRD67E3;
				INFOPLIST_FILE = "Pack and Herd/Info.plist";
				IPHONEOS_DEPLOYMENT_TARGET = 11.0;
				LD_RUNPATH_SEARCH_PATHS = "$(inherited) @executable_path/Frameworks";
				PRODUCT_BUNDLE_IDENTIFIER = "com.watts-ondevelopment.Pack-and-Herd";
				PRODUCT_NAME = "$(TARGET_NAME)";
				SWIFT_VERSION = 4.0;
				TARGETED_DEVICE_FAMILY = 1;
			};
			name = Debug;
		};
		7074C98F1FA221E900FF8010 /* Release */ = {
			isa = XCBuildConfiguration;
			baseConfigurationReference = EA334D39C90324B638D0A53D /* Pods-Pack and Herd.release.xcconfig */;
			buildSettings = {
				ASSETCATALOG_COMPILER_APPICON_NAME = AppIcon;
				CODE_SIGN_ENTITLEMENTS = "Pack and Herd/Pack and Herd.entitlements";
				CODE_SIGN_STYLE = Automatic;
				DEVELOPMENT_TEAM = Q24XRD67E3;
				INFOPLIST_FILE = "Pack and Herd/Info.plist";
				IPHONEOS_DEPLOYMENT_TARGET = 11.0;
				LD_RUNPATH_SEARCH_PATHS = "$(inherited) @executable_path/Frameworks";
				PRODUCT_BUNDLE_IDENTIFIER = "com.watts-ondevelopment.Pack-and-Herd";
				PRODUCT_NAME = "$(TARGET_NAME)";
				SWIFT_VERSION = 4.0;
				TARGETED_DEVICE_FAMILY = 1;
			};
			name = Release;
		};
/* End XCBuildConfiguration section */

/* Begin XCConfigurationList section */
		7074C9761FA221E900FF8010 /* Build configuration list for PBXProject "Pack and Herd" */ = {
			isa = XCConfigurationList;
			buildConfigurations = (
				7074C98B1FA221E900FF8010 /* Debug */,
				7074C98C1FA221E900FF8010 /* Release */,
			);
			defaultConfigurationIsVisible = 0;
			defaultConfigurationName = Release;
		};
		7074C98D1FA221E900FF8010 /* Build configuration list for PBXNativeTarget "Pack and Herd" */ = {
			isa = XCConfigurationList;
			buildConfigurations = (
				7074C98E1FA221E900FF8010 /* Debug */,
				7074C98F1FA221E900FF8010 /* Release */,
			);
			defaultConfigurationIsVisible = 0;
			defaultConfigurationName = Release;
		};
/* End XCConfigurationList section */
	};
	rootObject = 7074C9731FA221E900FF8010 /* Project object */;
}
