// !$*UTF8*$!
{
	archiveVersion = 1;
	classes = {
	};
	objectVersion = 48;
	objects = {

/* Begin PBXBuildFile section */
		7074C97F1FA221E900FF8010 /* AppDelegate.swift in Sources */ = {isa = PBXBuildFile; fileRef = 7074C97E1FA221E900FF8010 /* AppDelegate.swift */; };
		7074C9811FA221E900FF8010 /* ViewController.swift in Sources */ = {isa = PBXBuildFile; fileRef = 7074C9801FA221E900FF8010 /* ViewController.swift */; };
		7074C9841FA221E900FF8010 /* Main.storyboard in Resources */ = {isa = PBXBuildFile; fileRef = 7074C9821FA221E900FF8010 /* Main.storyboard */; };
		7074C9861FA221E900FF8010 /* Assets.xcassets in Resources */ = {isa = PBXBuildFile; fileRef = 7074C9851FA221E900FF8010 /* Assets.xcassets */; };
		7074C9891FA221E900FF8010 /* LaunchScreen.storyboard in Resources */ = {isa = PBXBuildFile; fileRef = 7074C9871FA221E900FF8010 /* LaunchScreen.storyboard */; };
/* End PBXBuildFile section */

/* Begin PBXFileReference section */
		7074C97B1FA221E900FF8010 /* Pack and Herd.app */ = {isa = PBXFileReference; explicitFileType = wrapper.application; includeInIndex = 0; path = "Pack and Herd.app"; sourceTree = BUILT_PRODUCTS_DIR; };
		7074C97E1FA221E900FF8010 /* AppDelegate.swift */ = {isa = PBXFileReference; lastKnownFileType = sourcecode.swift; path = AppDelegate.swift; sourceTree = "<group>"; };
		7074C9801FA221E900FF8010 /* ViewController.swift */ = {isa = PBXFileReference; lastKnownFileType = sourcecode.swift; path = ViewController.swift; sourceTree = "<group>"; };
		7074C9831FA221E900FF8010 /* Base */ = {isa = PBXFileReference; lastKnownFileType = file.storyboard; name = Base; path = Base.lproj/Main.storyboard; sourceTree = "<group>"; };
		7074C9851FA221E900FF8010 /* Assets.xcassets */ = {isa = PBXFileReference; lastKnownFileType = folder.assetcatalog; path = Assets.xcassets; sourceTree = "<group>"; };
		7074C9881FA221E900FF8010 /* Base */ = {isa = PBXFileReference; lastKnownFileType = file.storyboard; name = Base; path = Base.lproj/LaunchScreen.storyboard; sourceTree = "<group>"; };
		7074C98A1FA221E900FF8010 /* Info.plist */ = {isa = PBXFileReference; lastKnownFileType = text.plist.xml; path = Info.plist; sourceTree = "<group>"; };
/* End PBXFileReference section */

/* Begin PBXFrameworksBuildPhase section */
		7074C9781FA221E900FF8010 /* Frameworks */ = {
			isa = PBXFrameworksBuildPhase;
			buildActionMask = 2147483647;
			files = (
			);
			runOnlyForDeploymentPostprocessing = 0;
		};
/* End PBXFrameworksBuildPhase section */

/* Begin PBXGroup section */
		7074C9721FA221E900FF8010 = {
			isa = PBXGroup;
			children = (
				7074C97D1FA221E900FF8010 /* Pack and Herd */,
				7074C97C1FA221E900FF8010 /* Products */,
			);
			sourceTree = "<group>";
		};
		7074C97C1FA221E900FF8010 /* Products */ = {
			isa = PBXGroup;
			children = (
				7074C97B1FA221E900FF8010 /* Pack and Herd.app */,
			);
			name = Products;
			sourceTree = "<group>";
		};
		7074C97D1FA221E900FF8010 /* Pack and Herd */ = {
			isa = PBXGroup;
			children = (
				7074C97E1FA221E900FF8010 /* AppDelegate.swift */,
				7074C9801FA221E900FF8010 /* ViewController.swift */,
				7074C9821FA221E900FF8010 /* Main.storyboard */,
				7074C9851FA221E900FF8010 /* Assets.xcassets */,
				7074C9871FA221E900FF8010 /* LaunchScreen.storyboard */,
				7074C98A1FA221E900FF8010 /* Info.plist */,
			);
			path = "Pack and Herd";
			sourceTree = "<group>";
		};
/* End PBXGroup section */

/* Begin PBXNativeTarget section */
		7074C97A1FA221E900FF8010 /* Pack and Herd */ = {
			isa = PBXNativeTarget;
			buildConfigurationList = 7074C98D1FA221E900FF8010 /* Build configuration list for PBXNativeTarget "Pack and Herd" */;
			buildPhases = (
				7074C9771FA221E900FF8010 /* Sources */,
				7074C9781FA221E900FF8010 /* Frameworks */,
				7074C9791FA221E900FF8010 /* Resources */,
			);
			buildRules = (
			);
			dependencies = (
			);
			name = "Pack and Herd";
			productName = "Pack and Herd";
			productReference = 7074C97B1FA221E900FF8010 /* Pack and Herd.app */;
			productType = "com.apple.product-type.application";
		};
/* End PBXNativeTarget section */

/* Begin PBXProject section */
		7074C9731FA221E900FF8010 /* Project object */ = {
			isa = PBXProject;
			attributes = {
				LastSwiftUpdateCheck = 0900;
				LastUpgradeCheck = 0900;
				ORGANIZATIONNAME = "Watts-On Development";
				TargetAttributes = {
					7074C97A1FA221E900FF8010 = {
						CreatedOnToolsVersion = 9.0.1;
						ProvisioningStyle = Automatic;
					};
				};
			};
			buildConfigurationList = 7074C9761FA221E900FF8010 /* Build configuration list for PBXProject "Pack and Herd" */;
			compatibilityVersion = "Xcode 8.0";
			developmentRegion = en;
			hasScannedForEncodings = 0;
			knownRegions = (
				en,
				Base,
			);
			mainGroup = 7074C9721FA221E900FF8010;
			productRefGroup = 7074C97C1FA221E900FF8010 /* Products */;
			projectDirPath = "";
			projectRoot = "";
			targets = (
				7074C97A1FA221E900FF8010 /* Pack and Herd */,
			);
		};
/* End PBXProject section */

/* Begin PBXResourcesBuildPhase section */
		7074C9791FA221E900FF8010 /* Resources */ = {
			isa = PBXResourcesBuildPhase;
			buildActionMask = 2147483647;
			files = (
				7074C9891FA221E900FF8010 /* LaunchScreen.storyboard in Resources */,
				7074C9861FA221E900FF8010 /* Assets.xcassets in Resources */,
				7074C9841FA221E900FF8010 /* Main.storyboard in Resources */,
			);
			runOnlyForDeploymentPostprocessing = 0;
		};
/* End PBXResourcesBuildPhase section */

/* Begin PBXSourcesBuildPhase section */
		7074C9771FA221E900FF8010 /* Sources */ = {
			isa = PBXSourcesBuildPhase;
			buildActionMask = 2147483647;
			files = (
				7074C9811FA221E900FF8010 /* ViewController.swift in Sources */,
				7074C97F1FA221E900FF8010 /* AppDelegate.swift in Sources */,
			);
			runOnlyForDeploymentPostprocessing = 0;
		};
/* End PBXSourcesBuildPhase section */

/* Begin PBXVariantGroup section */
		7074C9821FA221E900FF8010 /* Main.storyboard */ = {
			isa = PBXVariantGroup;
			children = (
				7074C9831FA221E900FF8010 /* Base */,
			);
			name = Main.storyboard;
			sourceTree = "<group>";
		};
		7074C9871FA221E900FF8010 /* LaunchScreen.storyboard */ = {
			isa = PBXVariantGroup;
			children = (
				7074C9881FA221E900FF8010 /* Base */,
			);
			name = LaunchScreen.storyboard;
			sourceTree = "<group>";
		};
/* End PBXVariantGroup section */

/* Begin XCBuildConfiguration section */
		7074C98B1FA221E900FF8010 /* Debug */ = {
			isa = XCBuildConfiguration;
			buildSettings = {
				ALWAYS_SEARCH_USER_PATHS = NO;
				CLANG_ANALYZER_NONNULL = YES;
				CLANG_ANALYZER_NUMBER_OBJECT_CONVERSION = YES_AGGRESSIVE;
				CLANG_CXX_LANGUAGE_STANDARD = "gnu++14";
				CLANG_CXX_LIBRARY = "libc++";
				CLANG_ENABLE_MODULES = YES;
				CLANG_ENABLE_OBJC_ARC = YES;
				CLANG_WARN_BLOCK_CAPTURE_AUTORELEASING = YES;
				CLANG_WARN_BOOL_CONVERSION = YES;
				CLANG_WARN_COMMA = YES;
				CLANG_WARN_CONSTANT_CONVERSION = YES;
				CLANG_WARN_DIRECT_OBJC_ISA_USAGE = YES_ERROR;
				CLANG_WARN_DOCUMENTATION_COMMENTS = YES;
				CLANG_WARN_EMPTY_BODY = YES;
				CLANG_WARN_ENUM_CONVERSION = YES;
				CLANG_WARN_INFINITE_RECURSION = YES;
				CLANG_WARN_INT_CONVERSION = YES;
				CLANG_WARN_NON_LITERAL_NULL_CONVERSION = YES;
				CLANG_WARN_OBJC_LITERAL_CONVERSION = YES;
				CLANG_WARN_OBJC_ROOT_CLASS = YES_ERROR;
				CLANG_WARN_RANGE_LOOP_ANALYSIS = YES;
				CLANG_WARN_STRICT_PROTOTYPES = YES;
				CLANG_WARN_SUSPICIOUS_MOVE = YES;
				CLANG_WARN_UNGUARDED_AVAILABILITY = YES_AGGRESSIVE;
				CLANG_WARN_UNREACHABLE_CODE = YES;
				CLANG_WARN__DUPLICATE_METHOD_MATCH = YES;
				CODE_SIGN_IDENTITY = "iPhone Developer";
				COPY_PHASE_STRIP = NO;
				DEBUG_INFORMATION_FORMAT = dwarf;
				ENABLE_STRICT_OBJC_MSGSEND = YES;
				ENABLE_TESTABILITY = YES;
				GCC_C_LANGUAGE_STANDARD = gnu11;
				GCC_DYNAMIC_NO_PIC = NO;
				GCC_NO_COMMON_BLOCKS = YES;
				GCC_OPTIMIZATION_LEVEL = 0;
				GCC_PREPROCESSOR_DEFINITIONS = (
					"DEBUG=1",
					"$(inherited)",
				);
				GCC_WARN_64_TO_32_BIT_CONVERSION = YES;
				GCC_WARN_ABOUT_RETURN_TYPE = YES_ERROR;
				GCC_WARN_UNDECLARED_SELECTOR = YES;
				GCC_WARN_UNINITIALIZED_AUTOS = YES_AGGRESSIVE;
				GCC_WARN_UNUSED_FUNCTION = YES;
				GCC_WARN_UNUSED_VARIABLE = YES;
				IPHONEOS_DEPLOYMENT_TARGET = 11.0;
				MTL_ENABLE_DEBUG_INFO = YES;
				ONLY_ACTIVE_ARCH = YES;
				SDKROOT = iphoneos;
				SWIFT_ACTIVE_COMPILATION_CONDITIONS = DEBUG;
				SWIFT_OPTIMIZATION_LEVEL = "-Onone";
			};
			name = Debug;
		};
		7074C98C1FA221E900FF8010 /* Release */ = {
			isa = XCBuildConfiguration;
			buildSettings = {
				ALWAYS_SEARCH_USER_PATHS = NO;
				CLANG_ANALYZER_NONNULL = YES;
				CLANG_ANALYZER_NUMBER_OBJECT_CONVERSION = YES_AGGRESSIVE;
				CLANG_CXX_LANGUAGE_STANDARD = "gnu++14";
				CLANG_CXX_LIBRARY = "libc++";
				CLANG_ENABLE_MODULES = YES;
				CLANG_ENABLE_OBJC_ARC = YES;
				CLANG_WARN_BLOCK_CAPTURE_AUTORELEASING = YES;
				CLANG_WARN_BOOL_CONVERSION = YES;
				CLANG_WARN_COMMA = YES;
				CLANG_WARN_CONSTANT_CONVERSION = YES;
				CLANG_WARN_DIRECT_OBJC_ISA_USAGE = YES_ERROR;
				CLANG_WARN_DOCUMENTATION_COMMENTS = YES;
				CLANG_WARN_EMPTY_BODY = YES;
				CLANG_WARN_ENUM_CONVERSION = YES;
				CLANG_WARN_INFINITE_RECURSION = YES;
				CLANG_WARN_INT_CONVERSION = YES;
				CLANG_WARN_NON_LITERAL_NULL_CONVERSION = YES;
				CLANG_WARN_OBJC_LITERAL_CONVERSION = YES;
				CLANG_WARN_OBJC_ROOT_CLASS = YES_ERROR;
				CLANG_WARN_RANGE_LOOP_ANALYSIS = YES;
				CLANG_WARN_STRICT_PROTOTYPES = YES;
				CLANG_WARN_SUSPICIOUS_MOVE = YES;
				CLANG_WARN_UNGUARDED_AVAILABILITY = YES_AGGRESSIVE;
				CLANG_WARN_UNREACHABLE_CODE = YES;
				CLANG_WARN__DUPLICATE_METHOD_MATCH = YES;
				CODE_SIGN_IDENTITY = "iPhone Developer";
				COPY_PHASE_STRIP = NO;
				DEBUG_INFORMATION_FORMAT = "dwarf-with-dsym";
				ENABLE_NS_ASSERTIONS = NO;
				ENABLE_STRICT_OBJC_MSGSEND = YES;
				GCC_C_LANGUAGE_STANDARD = gnu11;
				GCC_NO_COMMON_BLOCKS = YES;
				GCC_WARN_64_TO_32_BIT_CONVERSION = YES;
				GCC_WARN_ABOUT_RETURN_TYPE = YES_ERROR;
				GCC_WARN_UNDECLARED_SELECTOR = YES;
				GCC_WARN_UNINITIALIZED_AUTOS = YES_AGGRESSIVE;
				GCC_WARN_UNUSED_FUNCTION = YES;
				GCC_WARN_UNUSED_VARIABLE = YES;
				IPHONEOS_DEPLOYMENT_TARGET = 11.0;
				MTL_ENABLE_DEBUG_INFO = NO;
				SDKROOT = iphoneos;
				SWIFT_OPTIMIZATION_LEVEL = "-Owholemodule";
				VALIDATE_PRODUCT = YES;
			};
			name = Release;
		};
		7074C98E1FA221E900FF8010 /* Debug */ = {
			isa = XCBuildConfiguration;
			buildSettings = {
				ASSETCATALOG_COMPILER_APPICON_NAME = AppIcon;
				CODE_SIGN_STYLE = Automatic;
				DEVELOPMENT_TEAM = Q24XRD67E3;
				INFOPLIST_FILE = "Pack and Herd/Info.plist";
				LD_RUNPATH_SEARCH_PATHS = "$(inherited) @executable_path/Frameworks";
				PRODUCT_BUNDLE_IDENTIFIER = "com.watts-ondevelopment.Pack-and-Herd";
				PRODUCT_NAME = "$(TARGET_NAME)";
				SWIFT_VERSION = 4.0;
				TARGETED_DEVICE_FAMILY = "1,2";
			};
			name = Debug;
		};
		7074C98F1FA221E900FF8010 /* Release */ = {
			isa = XCBuildConfiguration;
			buildSettings = {
				ASSETCATALOG_COMPILER_APPICON_NAME = AppIcon;
				CODE_SIGN_STYLE = Automatic;
				DEVELOPMENT_TEAM = Q24XRD67E3;
				INFOPLIST_FILE = "Pack and Herd/Info.plist";
				LD_RUNPATH_SEARCH_PATHS = "$(inherited) @executable_path/Frameworks";
				PRODUCT_BUNDLE_IDENTIFIER = "com.watts-ondevelopment.Pack-and-Herd";
				PRODUCT_NAME = "$(TARGET_NAME)";
				SWIFT_VERSION = 4.0;
				TARGETED_DEVICE_FAMILY = "1,2";
			};
			name = Release;
		};
/* End XCBuildConfiguration section */

/* Begin XCConfigurationList section */
		7074C9761FA221E900FF8010 /* Build configuration list for PBXProject "Pack and Herd" */ = {
			isa = XCConfigurationList;
			buildConfigurations = (
				7074C98B1FA221E900FF8010 /* Debug */,
				7074C98C1FA221E900FF8010 /* Release */,
			);
			defaultConfigurationIsVisible = 0;
			defaultConfigurationName = Release;
		};
		7074C98D1FA221E900FF8010 /* Build configuration list for PBXNativeTarget "Pack and Herd" */ = {
			isa = XCConfigurationList;
			buildConfigurations = (
				7074C98E1FA221E900FF8010 /* Debug */,
				7074C98F1FA221E900FF8010 /* Release */,
			);
			defaultConfigurationIsVisible = 0;
			defaultConfigurationName = Release;
		};
/* End XCConfigurationList section */
	};
	rootObject = 7074C9731FA221E900FF8010 /* Project object */;
}
